{
<<<<<<< HEAD
  "name": "capsonte-main",
  "version": "1.0.0",
  "lockfileVersion": 3,
  "requires": true,
  "packages": {
    "": {
      "name": "capsonte-main",
      "version": "1.0.0",
      "license": "MIT"
    }
  }
=======
  "name": "capstone",
  "lockfileVersion": 3,
  "requires": true,
  "packages": {}
>>>>>>> 7ec5760b08be825e93a2b6685a2266cd0dc64f45
}
